// !$*UTF8*$!
{
	archiveVersion = 1;
	classes = {
	};
	objectVersion = 46;
	objects = {

/* Begin PBXBuildFile section */
		4A07E815157D37DD003624C0 /* Cocoa.framework in Frameworks */ = {isa = PBXBuildFile; fileRef = 4A07E814157D37DD003624C0 /* Cocoa.framework */; settings = {ATTRIBUTES = (Required, ); }; };
		4A07E81F157D37DD003624C0 /* InfoPlist.strings in Resources */ = {isa = PBXBuildFile; fileRef = 4A07E81D157D37DD003624C0 /* InfoPlist.strings */; };
		4A07E821157D37DD003624C0 /* main.m in Sources */ = {isa = PBXBuildFile; fileRef = 4A07E820157D37DD003624C0 /* main.m */; };
		4A07E828157D37DD003624C0 /* AppDelegate.m in Sources */ = {isa = PBXBuildFile; fileRef = 4A07E827157D37DD003624C0 /* AppDelegate.m */; };
		4A07E82B157D37DD003624C0 /* MainMenu.xib in Resources */ = {isa = PBXBuildFile; fileRef = 4A07E829157D37DD003624C0 /* MainMenu.xib */; };
		4A1BA61215800CC900B89C52 /* WebKit.framework in Frameworks */ = {isa = PBXBuildFile; fileRef = 4A1BA61115800CC900B89C52 /* WebKit.framework */; };
		4A1BA62115810C1E00B89C52 /* DashboardController.m in Sources */ = {isa = PBXBuildFile; fileRef = 4A1BA61F15810C1E00B89C52 /* DashboardController.m */; };
		4A1BA62215810C1E00B89C52 /* DashboardController.xib in Resources */ = {isa = PBXBuildFile; fileRef = 4A1BA62015810C1E00B89C52 /* DashboardController.xib */; };
		4A1BA62D1581233900B89C52 /* Defines.m in Sources */ = {isa = PBXBuildFile; fileRef = 4A1BA62C1581233900B89C52 /* Defines.m */; };
		4A322E1E158642C7005B001F /* CoreFoundation.framework in Frameworks */ = {isa = PBXBuildFile; fileRef = 4A322E1D158642C7005B001F /* CoreFoundation.framework */; };
		4A879E40157E56070018E10C /* SBJson.framework in Frameworks */ = {isa = PBXBuildFile; fileRef = 4A879E34157E52F20018E10C /* SBJson.framework */; };
		4A879E43157E57030018E10C /* SBJson.framework in CopyFiles */ = {isa = PBXBuildFile; fileRef = 4A879E34157E52F20018E10C /* SBJson.framework */; };
		E174A22D174BCDB900ED4332 /* Account.m in Sources */ = {isa = PBXBuildFile; fileRef = E174A22C174BCDB900ED4332 /* Account.m */; };
		E1CA0709174C098A00D3398F /* Growl.framework in CopyFiles */ = {isa = PBXBuildFile; fileRef = E1F0E94A15810DD9005FF19A /* Growl.framework */; };
		E1F0E93C15803941005FF19A /* export.icns in Resources */ = {isa = PBXBuildFile; fileRef = E1F0E93B15803941005FF19A /* export.icns */; };
		E1F0E9421581045E005FF19A /* status.png in Resources */ = {isa = PBXBuildFile; fileRef = E1F0E9411581045E005FF19A /* status.png */; };
		E1F0E94B15810DD9005FF19A /* Growl.framework in Frameworks */ = {isa = PBXBuildFile; fileRef = E1F0E94A15810DD9005FF19A /* Growl.framework */; };
		E1F0E95315812167005FF19A /* Growl Registration Ticket.growlRegDict in Resources */ = {isa = PBXBuildFile; fileRef = E1F0E95215812167005FF19A /* Growl Registration Ticket.growlRegDict */; };
		E1FFBEDB1581322000CDCF0F /* activestatus.png in Resources */ = {isa = PBXBuildFile; fileRef = E1FFBEDA1581322000CDCF0F /* activestatus.png */; };
/* End PBXBuildFile section */

/* Begin PBXContainerItemProxy section */
		4A879E33157E52F20018E10C /* PBXContainerItemProxy */ = {
			isa = PBXContainerItemProxy;
			containerPortal = 4A879E29157E52F10018E10C /* SBJson.xcodeproj */;
			proxyType = 2;
			remoteGlobalIDString = BC12323D1391D5CC00131607;
			remoteInfo = SBJson;
		};
		4A879E35157E52F20018E10C /* PBXContainerItemProxy */ = {
			isa = PBXContainerItemProxy;
			containerPortal = 4A879E29157E52F10018E10C /* SBJson.xcodeproj */;
			proxyType = 2;
			remoteGlobalIDString = BC1232521391D5CC00131607;
			remoteInfo = SBJsonTests;
		};
		4A879E37157E52F20018E10C /* PBXContainerItemProxy */ = {
			isa = PBXContainerItemProxy;
			containerPortal = 4A879E29157E52F10018E10C /* SBJson.xcodeproj */;
			proxyType = 2;
			remoteGlobalIDString = BCC2626913920FC7003D9994;
			remoteInfo = "sbjson-ios";
		};
		4A879E39157E52F20018E10C /* PBXContainerItemProxy */ = {
			isa = PBXContainerItemProxy;
			containerPortal = 4A879E29157E52F10018E10C /* SBJson.xcodeproj */;
			proxyType = 2;
			remoteGlobalIDString = BCC2627313920FC7003D9994;
			remoteInfo = "sbjson-iosTests";
		};
		4A879E3C157E53E80018E10C /* PBXContainerItemProxy */ = {
			isa = PBXContainerItemProxy;
			containerPortal = 4A879E29157E52F10018E10C /* SBJson.xcodeproj */;
			proxyType = 1;
			remoteGlobalIDString = BC12323C1391D5CC00131607;
			remoteInfo = SBJson;
		};
/* End PBXContainerItemProxy section */

/* Begin PBXCopyFilesBuildPhase section */
		4A879E41157E56F20018E10C /* CopyFiles */ = {
			isa = PBXCopyFilesBuildPhase;
			buildActionMask = 8;
			dstPath = "";
			dstSubfolderSpec = 10;
			files = (
				4A879E43157E57030018E10C /* SBJson.framework in CopyFiles */,
			);
			runOnlyForDeploymentPostprocessing = 1;
		};
		E1CA0708174C098300D3398F /* CopyFiles */ = {
			isa = PBXCopyFilesBuildPhase;
			buildActionMask = 2147483647;
			dstPath = "";
			dstSubfolderSpec = 10;
			files = (
				E1CA0709174C098A00D3398F /* Growl.framework in CopyFiles */,
			);
			runOnlyForDeploymentPostprocessing = 0;
		};
/* End PBXCopyFilesBuildPhase section */

/* Begin PBXFileReference section */
		4A07E810157D37DD003624C0 /* ChartbeatNotifier.app */ = {isa = PBXFileReference; explicitFileType = wrapper.application; includeInIndex = 0; path = ChartbeatNotifier.app; sourceTree = BUILT_PRODUCTS_DIR; };
		4A07E814157D37DD003624C0 /* Cocoa.framework */ = {isa = PBXFileReference; lastKnownFileType = wrapper.framework; name = Cocoa.framework; path = System/Library/Frameworks/Cocoa.framework; sourceTree = SDKROOT; };
		4A07E817157D37DD003624C0 /* AppKit.framework */ = {isa = PBXFileReference; lastKnownFileType = wrapper.framework; name = AppKit.framework; path = System/Library/Frameworks/AppKit.framework; sourceTree = SDKROOT; };
		4A07E818157D37DD003624C0 /* CoreData.framework */ = {isa = PBXFileReference; lastKnownFileType = wrapper.framework; name = CoreData.framework; path = System/Library/Frameworks/CoreData.framework; sourceTree = SDKROOT; };
		4A07E819157D37DD003624C0 /* Foundation.framework */ = {isa = PBXFileReference; lastKnownFileType = wrapper.framework; name = Foundation.framework; path = System/Library/Frameworks/Foundation.framework; sourceTree = SDKROOT; };
		4A07E81C157D37DD003624C0 /* ChartbeatNotifier-Info.plist */ = {isa = PBXFileReference; lastKnownFileType = text.plist.xml; path = "ChartbeatNotifier-Info.plist"; sourceTree = "<group>"; };
		4A07E81E157D37DD003624C0 /* en */ = {isa = PBXFileReference; lastKnownFileType = text.plist.strings; name = en; path = en.lproj/InfoPlist.strings; sourceTree = "<group>"; };
		4A07E820157D37DD003624C0 /* main.m */ = {isa = PBXFileReference; lastKnownFileType = sourcecode.c.objc; path = main.m; sourceTree = "<group>"; };
		4A07E822157D37DD003624C0 /* ChartbeatNotifier-Prefix.pch */ = {isa = PBXFileReference; lastKnownFileType = sourcecode.c.h; path = "ChartbeatNotifier-Prefix.pch"; sourceTree = "<group>"; };
		4A07E826157D37DD003624C0 /* AppDelegate.h */ = {isa = PBXFileReference; lastKnownFileType = sourcecode.c.h; path = AppDelegate.h; sourceTree = "<group>"; };
		4A07E827157D37DD003624C0 /* AppDelegate.m */ = {isa = PBXFileReference; lastKnownFileType = sourcecode.c.objc; path = AppDelegate.m; sourceTree = "<group>"; };
		4A07E82A157D37DD003624C0 /* en */ = {isa = PBXFileReference; lastKnownFileType = file.xib; name = en; path = en.lproj/MainMenu.xib; sourceTree = "<group>"; };
		4A1BA61115800CC900B89C52 /* WebKit.framework */ = {isa = PBXFileReference; lastKnownFileType = wrapper.framework; name = WebKit.framework; path = System/Library/Frameworks/WebKit.framework; sourceTree = SDKROOT; };
		4A1BA61E15810C1E00B89C52 /* DashboardController.h */ = {isa = PBXFileReference; fileEncoding = 4; lastKnownFileType = sourcecode.c.h; path = DashboardController.h; sourceTree = "<group>"; };
		4A1BA61F15810C1E00B89C52 /* DashboardController.m */ = {isa = PBXFileReference; fileEncoding = 4; lastKnownFileType = sourcecode.c.objc; path = DashboardController.m; sourceTree = "<group>"; };
		4A1BA62015810C1E00B89C52 /* DashboardController.xib */ = {isa = PBXFileReference; fileEncoding = 4; lastKnownFileType = file.xib; path = DashboardController.xib; sourceTree = "<group>"; };
		4A1BA62B158122F600B89C52 /* Defines.h */ = {isa = PBXFileReference; lastKnownFileType = sourcecode.c.h; path = Defines.h; sourceTree = "<group>"; };
		4A1BA62C1581233900B89C52 /* Defines.m */ = {isa = PBXFileReference; fileEncoding = 4; lastKnownFileType = sourcecode.c.objc; path = Defines.m; sourceTree = "<group>"; };
		4A322E1D158642C7005B001F /* CoreFoundation.framework */ = {isa = PBXFileReference; lastKnownFileType = wrapper.framework; name = CoreFoundation.framework; path = System/Library/Frameworks/CoreFoundation.framework; sourceTree = SDKROOT; };
		4A879E29157E52F10018E10C /* SBJson.xcodeproj */ = {isa = PBXFileReference; lastKnownFileType = "wrapper.pb-project"; name = SBJson.xcodeproj; path = "json-framework/SBJson.xcodeproj"; sourceTree = "<group>"; };
		E174A22B174BCDB900ED4332 /* Account.h */ = {isa = PBXFileReference; fileEncoding = 4; lastKnownFileType = sourcecode.c.h; name = Account.h; path = Models/Account.h; sourceTree = "<group>"; };
		E174A22C174BCDB900ED4332 /* Account.m */ = {isa = PBXFileReference; fileEncoding = 4; lastKnownFileType = sourcecode.c.objc; name = Account.m; path = Models/Account.m; sourceTree = "<group>"; };
		E1F0E93B15803941005FF19A /* export.icns */ = {isa = PBXFileReference; lastKnownFileType = image.icns; path = export.icns; sourceTree = "<group>"; };
		E1F0E9411581045E005FF19A /* status.png */ = {isa = PBXFileReference; lastKnownFileType = image.png; name = status.png; path = icon/status.png; sourceTree = "<group>"; };
		E1F0E94A15810DD9005FF19A /* Growl.framework */ = {isa = PBXFileReference; lastKnownFileType = wrapper.framework; path = Growl.framework; sourceTree = "<group>"; };
		E1F0E95215812167005FF19A /* Growl Registration Ticket.growlRegDict */ = {isa = PBXFileReference; fileEncoding = 4; lastKnownFileType = text.xml; path = "Growl Registration Ticket.growlRegDict"; sourceTree = "<group>"; };
		E1FFBEDA1581322000CDCF0F /* activestatus.png */ = {isa = PBXFileReference; lastKnownFileType = image.png; name = activestatus.png; path = icon/activestatus.png; sourceTree = "<group>"; };
/* End PBXFileReference section */

/* Begin PBXFrameworksBuildPhase section */
		4A07E80D157D37DD003624C0 /* Frameworks */ = {
			isa = PBXFrameworksBuildPhase;
			buildActionMask = 2147483647;
			files = (
				4A322E1E158642C7005B001F /* CoreFoundation.framework in Frameworks */,
				4A1BA61215800CC900B89C52 /* WebKit.framework in Frameworks */,
				4A879E40157E56070018E10C /* SBJson.framework in Frameworks */,
				4A07E815157D37DD003624C0 /* Cocoa.framework in Frameworks */,
				E1F0E94B15810DD9005FF19A /* Growl.framework in Frameworks */,
			);
			runOnlyForDeploymentPostprocessing = 0;
		};
/* End PBXFrameworksBuildPhase section */

/* Begin PBXGroup section */
		4A07E805157D37DD003624C0 = {
			isa = PBXGroup;
			children = (
				4A879E29157E52F10018E10C /* SBJson.xcodeproj */,
				4A07E81A157D37DD003624C0 /* ChartbeatNotifier */,
				4A07E813157D37DD003624C0 /* Frameworks */,
				4A07E811157D37DD003624C0 /* Products */,
			);
			sourceTree = "<group>";
		};
		4A07E811157D37DD003624C0 /* Products */ = {
			isa = PBXGroup;
			children = (
				4A07E810157D37DD003624C0 /* ChartbeatNotifier.app */,
			);
			name = Products;
			sourceTree = "<group>";
		};
		4A07E813157D37DD003624C0 /* Frameworks */ = {
			isa = PBXGroup;
			children = (
				4A322E1D158642C7005B001F /* CoreFoundation.framework */,
				4A1BA61115800CC900B89C52 /* WebKit.framework */,
				E1F0E94A15810DD9005FF19A /* Growl.framework */,
				4A07E814157D37DD003624C0 /* Cocoa.framework */,
				4A07E816157D37DD003624C0 /* Other Frameworks */,
			);
			name = Frameworks;
			sourceTree = "<group>";
		};
		4A07E816157D37DD003624C0 /* Other Frameworks */ = {
			isa = PBXGroup;
			children = (
				4A07E817157D37DD003624C0 /* AppKit.framework */,
				4A07E818157D37DD003624C0 /* CoreData.framework */,
				4A07E819157D37DD003624C0 /* Foundation.framework */,
			);
			name = "Other Frameworks";
			sourceTree = "<group>";
		};
		4A07E81A157D37DD003624C0 /* ChartbeatNotifier */ = {
			isa = PBXGroup;
			children = (
				4A1BA61D15810BF300B89C52 /* UI */,
				E18222AB174ABF3F00DF8B8D /* Resources */,
				4A07E81B157D37DD003624C0 /* Supporting Files */,
				E174A22A174BCDA400ED4332 /* Models */,
				4A1BA62B158122F600B89C52 /* Defines.h */,
				4A1BA62C1581233900B89C52 /* Defines.m */,
				4A07E826157D37DD003624C0 /* AppDelegate.h */,
				4A07E827157D37DD003624C0 /* AppDelegate.m */,
				4A07E829157D37DD003624C0 /* MainMenu.xib */,
			);
			path = ChartbeatNotifier;
			sourceTree = "<group>";
		};
		4A07E81B157D37DD003624C0 /* Supporting Files */ = {
			isa = PBXGroup;
			children = (
				4A07E81C157D37DD003624C0 /* ChartbeatNotifier-Info.plist */,
				4A07E81D157D37DD003624C0 /* InfoPlist.strings */,
				4A07E820157D37DD003624C0 /* main.m */,
				4A07E822157D37DD003624C0 /* ChartbeatNotifier-Prefix.pch */,
			);
			name = "Supporting Files";
			sourceTree = "<group>";
		};
		4A1BA61D15810BF300B89C52 /* UI */ = {
			isa = PBXGroup;
			children = (
				4A1BA61E15810C1E00B89C52 /* DashboardController.h */,
				4A1BA61F15810C1E00B89C52 /* DashboardController.m */,
				4A1BA62015810C1E00B89C52 /* DashboardController.xib */,
			);
			name = UI;
			sourceTree = "<group>";
		};
		4A879E2A157E52F10018E10C /* Products */ = {
			isa = PBXGroup;
			children = (
				4A879E34157E52F20018E10C /* SBJson.framework */,
				4A879E36157E52F20018E10C /* SBJsonTests.octest */,
				4A879E38157E52F20018E10C /* libsbjson-ios.a */,
				4A879E3A157E52F20018E10C /* sbjson-iosTests.octest */,
			);
			name = Products;
			sourceTree = "<group>";
		};
		E174A22A174BCDA400ED4332 /* Models */ = {
			isa = PBXGroup;
			children = (
				E174A22B174BCDB900ED4332 /* Account.h */,
				E174A22C174BCDB900ED4332 /* Account.m */,
			);
			name = Models;
			sourceTree = "<group>";
		};
		E18222AB174ABF3F00DF8B8D /* Resources */ = {
			isa = PBXGroup;
			children = (
				E1F0E95215812167005FF19A /* Growl Registration Ticket.growlRegDict */,
				E1F0E9411581045E005FF19A /* status.png */,
				E1FFBEDA1581322000CDCF0F /* activestatus.png */,
				E1F0E93B15803941005FF19A /* export.icns */,
			);
			name = Resources;
			path = ..;
			sourceTree = "<group>";
		};
/* End PBXGroup section */

/* Begin PBXNativeTarget section */
		4A07E80F157D37DD003624C0 /* ChartbeatNotifier */ = {
			isa = PBXNativeTarget;
			buildConfigurationList = 4A07E82E157D37DD003624C0 /* Build configuration list for PBXNativeTarget "ChartbeatNotifier" */;
			buildPhases = (
				4A07E80C157D37DD003624C0 /* Sources */,
				4A07E80D157D37DD003624C0 /* Frameworks */,
				4A07E80E157D37DD003624C0 /* Resources */,
				4A879E41157E56F20018E10C /* CopyFiles */,
				E1CA0708174C098300D3398F /* CopyFiles */,
			);
			buildRules = (
			);
			dependencies = (
				4A879E3D157E53E80018E10C /* PBXTargetDependency */,
			);
			name = ChartbeatNotifier;
			productName = ChartbeatNotifier;
			productReference = 4A07E810157D37DD003624C0 /* ChartbeatNotifier.app */;
			productType = "com.apple.product-type.application";
		};
/* End PBXNativeTarget section */

/* Begin PBXProject section */
		4A07E807157D37DD003624C0 /* Project object */ = {
			isa = PBXProject;
			attributes = {
				LastUpgradeCheck = 0430;
				ORGANIZATIONNAME = Betaworks;
			};
			buildConfigurationList = 4A07E80A157D37DD003624C0 /* Build configuration list for PBXProject "ChartbeatNotifier" */;
			compatibilityVersion = "Xcode 3.2";
			developmentRegion = English;
			hasScannedForEncodings = 0;
			knownRegions = (
				en,
			);
			mainGroup = 4A07E805157D37DD003624C0;
			productRefGroup = 4A07E811157D37DD003624C0 /* Products */;
			projectDirPath = "";
			projectReferences = (
				{
					ProductGroup = 4A879E2A157E52F10018E10C /* Products */;
					ProjectRef = 4A879E29157E52F10018E10C /* SBJson.xcodeproj */;
				},
			);
			projectRoot = "";
			targets = (
				4A07E80F157D37DD003624C0 /* ChartbeatNotifier */,
			);
		};
/* End PBXProject section */

/* Begin PBXReferenceProxy section */
		4A879E34157E52F20018E10C /* SBJson.framework */ = {
			isa = PBXReferenceProxy;
			fileType = wrapper.framework;
			path = SBJson.framework;
			remoteRef = 4A879E33157E52F20018E10C /* PBXContainerItemProxy */;
			sourceTree = BUILT_PRODUCTS_DIR;
		};
		4A879E36157E52F20018E10C /* SBJsonTests.octest */ = {
			isa = PBXReferenceProxy;
			fileType = wrapper.cfbundle;
			path = SBJsonTests.octest;
			remoteRef = 4A879E35157E52F20018E10C /* PBXContainerItemProxy */;
			sourceTree = BUILT_PRODUCTS_DIR;
		};
		4A879E38157E52F20018E10C /* libsbjson-ios.a */ = {
			isa = PBXReferenceProxy;
			fileType = archive.ar;
			path = "libsbjson-ios.a";
			remoteRef = 4A879E37157E52F20018E10C /* PBXContainerItemProxy */;
			sourceTree = BUILT_PRODUCTS_DIR;
		};
		4A879E3A157E52F20018E10C /* sbjson-iosTests.octest */ = {
			isa = PBXReferenceProxy;
			fileType = wrapper.cfbundle;
			path = "sbjson-iosTests.octest";
			remoteRef = 4A879E39157E52F20018E10C /* PBXContainerItemProxy */;
			sourceTree = BUILT_PRODUCTS_DIR;
		};
/* End PBXReferenceProxy section */

/* Begin PBXResourcesBuildPhase section */
		4A07E80E157D37DD003624C0 /* Resources */ = {
			isa = PBXResourcesBuildPhase;
			buildActionMask = 2147483647;
			files = (
				4A07E81F157D37DD003624C0 /* InfoPlist.strings in Resources */,
				4A07E82B157D37DD003624C0 /* MainMenu.xib in Resources */,
				4A1BA62215810C1E00B89C52 /* DashboardController.xib in Resources */,
				E1F0E93C15803941005FF19A /* export.icns in Resources */,
				E1F0E9421581045E005FF19A /* status.png in Resources */,
				E1F0E95315812167005FF19A /* Growl Registration Ticket.growlRegDict in Resources */,
				E1FFBEDB1581322000CDCF0F /* activestatus.png in Resources */,
			);
			runOnlyForDeploymentPostprocessing = 0;
		};
/* End PBXResourcesBuildPhase section */

/* Begin PBXSourcesBuildPhase section */
		4A07E80C157D37DD003624C0 /* Sources */ = {
			isa = PBXSourcesBuildPhase;
			buildActionMask = 2147483647;
			files = (
				4A07E821157D37DD003624C0 /* main.m in Sources */,
				4A07E828157D37DD003624C0 /* AppDelegate.m in Sources */,
				4A1BA62115810C1E00B89C52 /* DashboardController.m in Sources */,
				4A1BA62D1581233900B89C52 /* Defines.m in Sources */,
				E174A22D174BCDB900ED4332 /* Account.m in Sources */,
			);
			runOnlyForDeploymentPostprocessing = 0;
		};
/* End PBXSourcesBuildPhase section */

/* Begin PBXTargetDependency section */
		4A879E3D157E53E80018E10C /* PBXTargetDependency */ = {
			isa = PBXTargetDependency;
			name = SBJson;
			targetProxy = 4A879E3C157E53E80018E10C /* PBXContainerItemProxy */;
		};
/* End PBXTargetDependency section */

/* Begin PBXVariantGroup section */
		4A07E81D157D37DD003624C0 /* InfoPlist.strings */ = {
			isa = PBXVariantGroup;
			children = (
				4A07E81E157D37DD003624C0 /* en */,
			);
			name = InfoPlist.strings;
			sourceTree = "<group>";
		};
		4A07E829157D37DD003624C0 /* MainMenu.xib */ = {
			isa = PBXVariantGroup;
			children = (
				4A07E82A157D37DD003624C0 /* en */,
			);
			name = MainMenu.xib;
			sourceTree = "<group>";
		};
/* End PBXVariantGroup section */

/* Begin XCBuildConfiguration section */
		4A07E82C157D37DD003624C0 /* Debug */ = {
			isa = XCBuildConfiguration;
			buildSettings = {
				ALWAYS_SEARCH_USER_PATHS = NO;
				ARCHS = "$(ARCHS_STANDARD_64_BIT)";
				CLANG_ENABLE_OBJC_ARC = YES;
				COPY_PHASE_STRIP = NO;
				GCC_C_LANGUAGE_STANDARD = gnu99;
				GCC_DYNAMIC_NO_PIC = NO;
				GCC_ENABLE_OBJC_EXCEPTIONS = YES;
				GCC_OPTIMIZATION_LEVEL = 0;
				GCC_PREPROCESSOR_DEFINITIONS = (
					"DEBUG=1",
					"$(inherited)",
				);
				GCC_SYMBOLS_PRIVATE_EXTERN = NO;
				GCC_VERSION = com.apple.compilers.llvm.clang.1_0;
				GCC_WARN_64_TO_32_BIT_CONVERSION = YES;
				GCC_WARN_ABOUT_RETURN_TYPE = YES;
				GCC_WARN_UNINITIALIZED_AUTOS = YES;
				GCC_WARN_UNUSED_VARIABLE = YES;
				MACOSX_DEPLOYMENT_TARGET = 10.6;
				ONLY_ACTIVE_ARCH = YES;
				SDKROOT = macosx;
			};
			name = Debug;
		};
		4A07E82D157D37DD003624C0 /* Release */ = {
			isa = XCBuildConfiguration;
			buildSettings = {
				ALWAYS_SEARCH_USER_PATHS = NO;
				ARCHS = "$(ARCHS_STANDARD_64_BIT)";
				CLANG_ENABLE_OBJC_ARC = YES;
				COPY_PHASE_STRIP = YES;
				DEBUG_INFORMATION_FORMAT = "dwarf-with-dsym";
				GCC_C_LANGUAGE_STANDARD = gnu99;
				GCC_ENABLE_OBJC_EXCEPTIONS = YES;
				GCC_VERSION = com.apple.compilers.llvm.clang.1_0;
				GCC_WARN_64_TO_32_BIT_CONVERSION = YES;
				GCC_WARN_ABOUT_RETURN_TYPE = YES;
				GCC_WARN_UNINITIALIZED_AUTOS = YES;
				GCC_WARN_UNUSED_VARIABLE = YES;
				MACOSX_DEPLOYMENT_TARGET = 10.6;
				SDKROOT = macosx;
			};
			name = Release;
		};
		4A07E82F157D37DD003624C0 /* Debug */ = {
			isa = XCBuildConfiguration;
			buildSettings = {
				FRAMEWORK_SEARCH_PATHS = (
					"$(inherited)",
					"\"$(SRCROOT)\"",
				);
				GCC_PRECOMPILE_PREFIX_HEADER = YES;
				GCC_PREFIX_HEADER = "ChartbeatNotifier/ChartbeatNotifier-Prefix.pch";
				INFOPLIST_FILE = "ChartbeatNotifier/ChartbeatNotifier-Info.plist";
				PRODUCT_NAME = "$(TARGET_NAME)";
				WRAPPER_EXTENSION = app;
			};
			name = Debug;
		};
		4A07E830157D37DD003624C0 /* Release */ = {
			isa = XCBuildConfiguration;
			buildSettings = {
				FRAMEWORK_SEARCH_PATHS = (
					"$(inherited)",
					"\"$(SRCROOT)\"",
				);
				GCC_PRECOMPILE_PREFIX_HEADER = YES;
				GCC_PREFIX_HEADER = "ChartbeatNotifier/ChartbeatNotifier-Prefix.pch";
				INFOPLIST_FILE = "ChartbeatNotifier/ChartbeatNotifier-Info.plist";
				PRODUCT_NAME = "$(TARGET_NAME)";
				WRAPPER_EXTENSION = app;
			};
			name = Release;
		};
/* End XCBuildConfiguration section */

/* Begin XCConfigurationList section */
		4A07E80A157D37DD003624C0 /* Build configuration list for PBXProject "ChartbeatNotifier" */ = {
			isa = XCConfigurationList;
			buildConfigurations = (
				4A07E82C157D37DD003624C0 /* Debug */,
				4A07E82D157D37DD003624C0 /* Release */,
			);
			defaultConfigurationIsVisible = 0;
			defaultConfigurationName = Release;
		};
		4A07E82E157D37DD003624C0 /* Build configuration list for PBXNativeTarget "ChartbeatNotifier" */ = {
			isa = XCConfigurationList;
			buildConfigurations = (
				4A07E82F157D37DD003624C0 /* Debug */,
				4A07E830157D37DD003624C0 /* Release */,
			);
			defaultConfigurationIsVisible = 0;
			defaultConfigurationName = Release;
		};
/* End XCConfigurationList section */
	};
	rootObject = 4A07E807157D37DD003624C0 /* Project object */;
}
